
Microsoft Visual Studio Solution File, Format Version 12.00
# Visual Studio Version 17
VisualStudioVersion = 17.14.36414.22 d17.14
MinimumVisualStudioVersion = 10.0.40219.1
Project("{FAE04EC0-301F-11D3-BF4B-00C04F79EFBC}") = "ProyectoAmbos_Alanski", "ProyectoAmbos_Alanski\ProyectoAmbos_Alanski.csproj", "{40A27301-36FE-452C-AF58-BE4AE82F2576}"
EndProject
Global
	GlobalSection(SolutionConfigurationPlatforms) = preSolution
		Debug|Any CPU = Debug|Any CPU
		Release|Any CPU = Release|Any CPU
	EndGlobalSection
	GlobalSection(ProjectConfigurationPlatforms) = postSolution
		{40A27301-36FE-452C-AF58-BE4AE82F2576}.Debug|Any CPU.ActiveCfg = Debug|Any CPU
		{40A27301-36FE-452C-AF58-BE4AE82F2576}.Debug|Any CPU.Build.0 = Debug|Any CPU
		{40A27301-36FE-452C-AF58-BE4AE82F2576}.Release|Any CPU.ActiveCfg = Release|Any CPU
		{40A27301-36FE-452C-AF58-BE4AE82F2576}.Release|Any CPU.Build.0 = Release|Any CPU
	EndGlobalSection
	GlobalSection(SolutionProperties) = preSolution
		HideSolutionNode = FALSE
	EndGlobalSection
	GlobalSection(ExtensibilityGlobals) = postSolution
		SolutionGuid = {C19D6C22-550B-4311-8E18-95B10AF2C942}
	EndGlobalSection
EndGlobal
